// !$*UTF8*$!
{
	archiveVersion = 1;
	classes = {
	};
	objectVersion = 50;
	objects = {

/* Begin PBXBuildFile section */
		AFDD5CC2266109BE0094EF75 /* Transceiver.swift in Sources */ = {isa = PBXBuildFile; fileRef = AFDD5CC1266109BE0094EF75 /* Transceiver.swift */; };
		AFDD5D17266151E40094EF75 /* TransceiverPath.swift in Sources */ = {isa = PBXBuildFile; fileRef = AFDD5D16266151E40094EF75 /* TransceiverPath.swift */; };
		AFDD5D1A2661523C0094EF75 /* TransceiverManager.swift in Sources */ = {isa = PBXBuildFile; fileRef = AFDD5D192661523C0094EF75 /* TransceiverManager.swift */; };
		AFDD5D1D266153920094EF75 /* Transceiver-extension.swift in Sources */ = {isa = PBXBuildFile; fileRef = AFDD5D1C266153920094EF75 /* Transceiver-extension.swift */; };
		AFDD5D202662498A0094EF75 /* Subscription.swift in Sources */ = {isa = PBXBuildFile; fileRef = AFDD5D1F2662498A0094EF75 /* Subscription.swift */; };
		AFDD5D30266268890094EF75 /* Weak.swift in Sources */ = {isa = PBXBuildFile; fileRef = AFDD5D2F266268890094EF75 /* Weak.swift */; };
/* End PBXBuildFile section */

/* Begin PBXFileReference section */
		AFDD5CB5266108C90094EF75 /* Transceiver.framework */ = {isa = PBXFileReference; explicitFileType = wrapper.framework; includeInIndex = 0; path = Transceiver.framework; sourceTree = BUILT_PRODUCTS_DIR; };
		AFDD5CB9266108C90094EF75 /* Info.plist */ = {isa = PBXFileReference; lastKnownFileType = text.plist.xml; path = Info.plist; sourceTree = "<group>"; };
		AFDD5CC1266109BE0094EF75 /* Transceiver.swift */ = {isa = PBXFileReference; lastKnownFileType = sourcecode.swift; path = Transceiver.swift; sourceTree = "<group>"; };
		AFDD5D16266151E40094EF75 /* TransceiverPath.swift */ = {isa = PBXFileReference; lastKnownFileType = sourcecode.swift; path = TransceiverPath.swift; sourceTree = "<group>"; };
		AFDD5D192661523C0094EF75 /* TransceiverManager.swift */ = {isa = PBXFileReference; lastKnownFileType = sourcecode.swift; path = TransceiverManager.swift; sourceTree = "<group>"; };
		AFDD5D1C266153920094EF75 /* Transceiver-extension.swift */ = {isa = PBXFileReference; lastKnownFileType = sourcecode.swift; path = "Transceiver-extension.swift"; sourceTree = "<group>"; };
		AFDD5D1F2662498A0094EF75 /* Subscription.swift */ = {isa = PBXFileReference; lastKnownFileType = sourcecode.swift; path = Subscription.swift; sourceTree = "<group>"; };
		AFDD5D2F266268890094EF75 /* Weak.swift */ = {isa = PBXFileReference; lastKnownFileType = sourcecode.swift; path = Weak.swift; sourceTree = "<group>"; };
/* End PBXFileReference section */

/* Begin PBXFrameworksBuildPhase section */
		AFDD5CB2266108C90094EF75 /* Frameworks */ = {
			isa = PBXFrameworksBuildPhase;
			buildActionMask = 2147483647;
			files = (
			);
			runOnlyForDeploymentPostprocessing = 0;
		};
/* End PBXFrameworksBuildPhase section */

/* Begin PBXGroup section */
		AFDD5CAB266108C80094EF75 = {
			isa = PBXGroup;
			children = (
				AFDD5CB7266108C90094EF75 /* Source */,
				AFDD5CB6266108C90094EF75 /* Products */,
			);
			sourceTree = "<group>";
		};
		AFDD5CB6266108C90094EF75 /* Products */ = {
			isa = PBXGroup;
			children = (
				AFDD5CB5266108C90094EF75 /* Transceiver.framework */,
			);
			name = Products;
			sourceTree = "<group>";
		};
		AFDD5CB7266108C90094EF75 /* Source */ = {
			isa = PBXGroup;
			children = (
				AFDD5CC1266109BE0094EF75 /* Transceiver.swift */,
				AFDD5D1C266153920094EF75 /* Transceiver-extension.swift */,
				AFDD5D16266151E40094EF75 /* TransceiverPath.swift */,
				AFDD5D192661523C0094EF75 /* TransceiverManager.swift */,
				AFDD5D1F2662498A0094EF75 /* Subscription.swift */,
				AFDD5D2F266268890094EF75 /* Weak.swift */,
				AFDD5CB9266108C90094EF75 /* Info.plist */,
			);
			path = Source;
			sourceTree = "<group>";
		};
/* End PBXGroup section */

/* Begin PBXHeadersBuildPhase section */
		AFDD5CB0266108C90094EF75 /* Headers */ = {
			isa = PBXHeadersBuildPhase;
			buildActionMask = 2147483647;
			files = (
			);
			runOnlyForDeploymentPostprocessing = 0;
		};
/* End PBXHeadersBuildPhase section */

/* Begin PBXNativeTarget section */
		AFDD5CB4266108C90094EF75 /* Transceiver */ = {
			isa = PBXNativeTarget;
			buildConfigurationList = AFDD5CBD266108C90094EF75 /* Build configuration list for PBXNativeTarget "Transceiver" */;
			buildPhases = (
				AFDD5CB0266108C90094EF75 /* Headers */,
				AFDD5CB1266108C90094EF75 /* Sources */,
				AFDD5CB2266108C90094EF75 /* Frameworks */,
				AFDD5CB3266108C90094EF75 /* Resources */,
			);
			buildRules = (
			);
			dependencies = (
			);
			name = Transceiver;
			productName = Transceiver;
			productReference = AFDD5CB5266108C90094EF75 /* Transceiver.framework */;
			productType = "com.apple.product-type.framework";
		};
/* End PBXNativeTarget section */

/* Begin PBXProject section */
		AFDD5CAC266108C80094EF75 /* Project object */ = {
			isa = PBXProject;
			attributes = {
				LastUpgradeCheck = 1240;
				TargetAttributes = {
					AFDD5CB4266108C90094EF75 = {
						CreatedOnToolsVersion = 12.4;
						LastSwiftMigration = 1240;
					};
				};
			};
			buildConfigurationList = AFDD5CAF266108C80094EF75 /* Build configuration list for PBXProject "Transceiver" */;
			compatibilityVersion = "Xcode 9.3";
			developmentRegion = en;
			hasScannedForEncodings = 0;
			knownRegions = (
				en,
				Base,
			);
			mainGroup = AFDD5CAB266108C80094EF75;
			productRefGroup = AFDD5CB6266108C90094EF75 /* Products */;
			projectDirPath = "";
			projectRoot = "";
			targets = (
				AFDD5CB4266108C90094EF75 /* Transceiver */,
			);
		};
/* End PBXProject section */

/* Begin PBXResourcesBuildPhase section */
		AFDD5CB3266108C90094EF75 /* Resources */ = {
			isa = PBXResourcesBuildPhase;
			buildActionMask = 2147483647;
			files = (
			);
			runOnlyForDeploymentPostprocessing = 0;
		};
/* End PBXResourcesBuildPhase section */

/* Begin PBXSourcesBuildPhase section */
		AFDD5CB1266108C90094EF75 /* Sources */ = {
			isa = PBXSourcesBuildPhase;
			buildActionMask = 2147483647;
			files = (
				AFDD5D1A2661523C0094EF75 /* TransceiverManager.swift in Sources */,
				AFDD5CC2266109BE0094EF75 /* Transceiver.swift in Sources */,
				AFDD5D1D266153920094EF75 /* Transceiver-extension.swift in Sources */,
				AFDD5D17266151E40094EF75 /* TransceiverPath.swift in Sources */,
				AFDD5D202662498A0094EF75 /* Subscription.swift in Sources */,
				AFDD5D30266268890094EF75 /* Weak.swift in Sources */,
			);
			runOnlyForDeploymentPostprocessing = 0;
		};
/* End PBXSourcesBuildPhase section */

/* Begin XCBuildConfiguration section */
		AFDD5CBB266108C90094EF75 /* Debug */ = {
			isa = XCBuildConfiguration;
			buildSettings = {
				ALWAYS_SEARCH_USER_PATHS = NO;
				CLANG_ANALYZER_NONNULL = YES;
				CLANG_ANALYZER_NUMBER_OBJECT_CONVERSION = YES_AGGRESSIVE;
				CLANG_CXX_LANGUAGE_STANDARD = "gnu++14";
				CLANG_CXX_LIBRARY = "libc++";
				CLANG_ENABLE_MODULES = YES;
				CLANG_ENABLE_OBJC_ARC = YES;
				CLANG_ENABLE_OBJC_WEAK = YES;
				CLANG_WARN_BLOCK_CAPTURE_AUTORELEASING = YES;
				CLANG_WARN_BOOL_CONVERSION = YES;
				CLANG_WARN_COMMA = YES;
				CLANG_WARN_CONSTANT_CONVERSION = YES;
				CLANG_WARN_DEPRECATED_OBJC_IMPLEMENTATIONS = YES;
				CLANG_WARN_DIRECT_OBJC_ISA_USAGE = YES_ERROR;
				CLANG_WARN_DOCUMENTATION_COMMENTS = YES;
				CLANG_WARN_EMPTY_BODY = YES;
				CLANG_WARN_ENUM_CONVERSION = YES;
				CLANG_WARN_INFINITE_RECURSION = YES;
				CLANG_WARN_INT_CONVERSION = YES;
				CLANG_WARN_NON_LITERAL_NULL_CONVERSION = YES;
				CLANG_WARN_OBJC_IMPLICIT_RETAIN_SELF = YES;
				CLANG_WARN_OBJC_LITERAL_CONVERSION = YES;
				CLANG_WARN_OBJC_ROOT_CLASS = YES_ERROR;
				CLANG_WARN_QUOTED_INCLUDE_IN_FRAMEWORK_HEADER = YES;
				CLANG_WARN_RANGE_LOOP_ANALYSIS = YES;
				CLANG_WARN_STRICT_PROTOTYPES = YES;
				CLANG_WARN_SUSPICIOUS_MOVE = YES;
				CLANG_WARN_UNGUARDED_AVAILABILITY = YES_AGGRESSIVE;
				CLANG_WARN_UNREACHABLE_CODE = YES;
				CLANG_WARN__DUPLICATE_METHOD_MATCH = YES;
				COPY_PHASE_STRIP = NO;
				CURRENT_PROJECT_VERSION = 1;
				DEBUG_INFORMATION_FORMAT = dwarf;
				ENABLE_STRICT_OBJC_MSGSEND = YES;
				ENABLE_TESTABILITY = YES;
				GCC_C_LANGUAGE_STANDARD = gnu11;
				GCC_DYNAMIC_NO_PIC = NO;
				GCC_NO_COMMON_BLOCKS = YES;
				GCC_OPTIMIZATION_LEVEL = 0;
				GCC_PREPROCESSOR_DEFINITIONS = (
					"DEBUG=1",
					"$(inherited)",
				);
				GCC_WARN_64_TO_32_BIT_CONVERSION = YES;
				GCC_WARN_ABOUT_RETURN_TYPE = YES_ERROR;
				GCC_WARN_UNDECLARED_SELECTOR = YES;
				GCC_WARN_UNINITIALIZED_AUTOS = YES_AGGRESSIVE;
				GCC_WARN_UNUSED_FUNCTION = YES;
				GCC_WARN_UNUSED_VARIABLE = YES;
				IPHONEOS_DEPLOYMENT_TARGET = 14.4;
				MTL_ENABLE_DEBUG_INFO = INCLUDE_SOURCE;
				MTL_FAST_MATH = YES;
				ONLY_ACTIVE_ARCH = YES;
				SDKROOT = iphoneos;
				SWIFT_ACTIVE_COMPILATION_CONDITIONS = DEBUG;
				SWIFT_OPTIMIZATION_LEVEL = "-Onone";
				VERSIONING_SYSTEM = "apple-generic";
				VERSION_INFO_PREFIX = "";
			};
			name = Debug;
		};
		AFDD5CBC266108C90094EF75 /* Release */ = {
			isa = XCBuildConfiguration;
			buildSettings = {
				ALWAYS_SEARCH_USER_PATHS = NO;
				CLANG_ANALYZER_NONNULL = YES;
				CLANG_ANALYZER_NUMBER_OBJECT_CONVERSION = YES_AGGRESSIVE;
				CLANG_CXX_LANGUAGE_STANDARD = "gnu++14";
				CLANG_CXX_LIBRARY = "libc++";
				CLANG_ENABLE_MODULES = YES;
				CLANG_ENABLE_OBJC_ARC = YES;
				CLANG_ENABLE_OBJC_WEAK = YES;
				CLANG_WARN_BLOCK_CAPTURE_AUTORELEASING = YES;
				CLANG_WARN_BOOL_CONVERSION = YES;
				CLANG_WARN_COMMA = YES;
				CLANG_WARN_CONSTANT_CONVERSION = YES;
				CLANG_WARN_DEPRECATED_OBJC_IMPLEMENTATIONS = YES;
				CLANG_WARN_DIRECT_OBJC_ISA_USAGE = YES_ERROR;
				CLANG_WARN_DOCUMENTATION_COMMENTS = YES;
				CLANG_WARN_EMPTY_BODY = YES;
				CLANG_WARN_ENUM_CONVERSION = YES;
				CLANG_WARN_INFINITE_RECURSION = YES;
				CLANG_WARN_INT_CONVERSION = YES;
				CLANG_WARN_NON_LITERAL_NULL_CONVERSION = YES;
				CLANG_WARN_OBJC_IMPLICIT_RETAIN_SELF = YES;
				CLANG_WARN_OBJC_LITERAL_CONVERSION = YES;
				CLANG_WARN_OBJC_ROOT_CLASS = YES_ERROR;
				CLANG_WARN_QUOTED_INCLUDE_IN_FRAMEWORK_HEADER = YES;
				CLANG_WARN_RANGE_LOOP_ANALYSIS = YES;
				CLANG_WARN_STRICT_PROTOTYPES = YES;
				CLANG_WARN_SUSPICIOUS_MOVE = YES;
				CLANG_WARN_UNGUARDED_AVAILABILITY = YES_AGGRESSIVE;
				CLANG_WARN_UNREACHABLE_CODE = YES;
				CLANG_WARN__DUPLICATE_METHOD_MATCH = YES;
				COPY_PHASE_STRIP = NO;
				CURRENT_PROJECT_VERSION = 1;
				DEBUG_INFORMATION_FORMAT = "dwarf-with-dsym";
				ENABLE_NS_ASSERTIONS = NO;
				ENABLE_STRICT_OBJC_MSGSEND = YES;
				GCC_C_LANGUAGE_STANDARD = gnu11;
				GCC_NO_COMMON_BLOCKS = YES;
				GCC_WARN_64_TO_32_BIT_CONVERSION = YES;
				GCC_WARN_ABOUT_RETURN_TYPE = YES_ERROR;
				GCC_WARN_UNDECLARED_SELECTOR = YES;
				GCC_WARN_UNINITIALIZED_AUTOS = YES_AGGRESSIVE;
				GCC_WARN_UNUSED_FUNCTION = YES;
				GCC_WARN_UNUSED_VARIABLE = YES;
				IPHONEOS_DEPLOYMENT_TARGET = 14.4;
				MTL_ENABLE_DEBUG_INFO = NO;
				MTL_FAST_MATH = YES;
				SDKROOT = iphoneos;
				SWIFT_COMPILATION_MODE = wholemodule;
				SWIFT_OPTIMIZATION_LEVEL = "-O";
				VALIDATE_PRODUCT = YES;
				VERSIONING_SYSTEM = "apple-generic";
				VERSION_INFO_PREFIX = "";
			};
			name = Release;
		};
		AFDD5CBE266108C90094EF75 /* Debug */ = {
			isa = XCBuildConfiguration;
			buildSettings = {
				CLANG_ENABLE_MODULES = YES;
				CODE_SIGN_STYLE = Automatic;
				DEFINES_MODULE = YES;
				DEVELOPMENT_TEAM = 6D677EY6CV;
				DYLIB_COMPATIBILITY_VERSION = 1;
				DYLIB_CURRENT_VERSION = 1;
				DYLIB_INSTALL_NAME_BASE = "@rpath";
				INFOPLIST_FILE = Source/Info.plist;
				INSTALL_PATH = "$(LOCAL_LIBRARY_DIR)/Frameworks";
				IPHONEOS_DEPLOYMENT_TARGET = 9.0;
				LD_RUNPATH_SEARCH_PATHS = (
					"$(inherited)",
					"@executable_path/Frameworks",
					"@loader_path/Frameworks",
				);
				PRODUCT_BUNDLE_IDENTIFIER = com.mazenbaddad.Transceiver;
				PRODUCT_NAME = "$(TARGET_NAME:c99extidentifier)";
				SKIP_INSTALL = YES;
				SWIFT_OPTIMIZATION_LEVEL = "-Onone";
				SWIFT_VERSION = 5.0;
				TARGETED_DEVICE_FAMILY = "1,2";
			};
			name = Debug;
		};
		AFDD5CBF266108C90094EF75 /* Release */ = {
			isa = XCBuildConfiguration;
			buildSettings = {
				CLANG_ENABLE_MODULES = YES;
				CODE_SIGN_STYLE = Automatic;
				DEFINES_MODULE = YES;
				DEVELOPMENT_TEAM = 6D677EY6CV;
				DYLIB_COMPATIBILITY_VERSION = 1;
				DYLIB_CURRENT_VERSION = 1;
				DYLIB_INSTALL_NAME_BASE = "@rpath";
				INFOPLIST_FILE = Source/Info.plist;
				INSTALL_PATH = "$(LOCAL_LIBRARY_DIR)/Frameworks";
				IPHONEOS_DEPLOYMENT_TARGET = 9.0;
				LD_RUNPATH_SEARCH_PATHS = (
					"$(inherited)",
					"@executable_path/Frameworks",
					"@loader_path/Frameworks",
				);
				PRODUCT_BUNDLE_IDENTIFIER = com.mazenbaddad.Transceiver;
				PRODUCT_NAME = "$(TARGET_NAME:c99extidentifier)";
				SKIP_INSTALL = YES;
				SWIFT_VERSION = 5.0;
				TARGETED_DEVICE_FAMILY = "1,2";
			};
			name = Release;
		};
/* End XCBuildConfiguration section */

/* Begin XCConfigurationList section */
		AFDD5CAF266108C80094EF75 /* Build configuration list for PBXProject "Transceiver" */ = {
			isa = XCConfigurationList;
			buildConfigurations = (
				AFDD5CBB266108C90094EF75 /* Debug */,
				AFDD5CBC266108C90094EF75 /* Release */,
			);
			defaultConfigurationIsVisible = 0;
			defaultConfigurationName = Release;
		};
		AFDD5CBD266108C90094EF75 /* Build configuration list for PBXNativeTarget "Transceiver" */ = {
			isa = XCConfigurationList;
			buildConfigurations = (
				AFDD5CBE266108C90094EF75 /* Debug */,
				AFDD5CBF266108C90094EF75 /* Release */,
			);
			defaultConfigurationIsVisible = 0;
			defaultConfigurationName = Release;
		};
/* End XCConfigurationList section */
	};
	rootObject = AFDD5CAC266108C80094EF75 /* Project object */;
}
